
Microsoft Visual Studio Solution File, Format Version 12.00
# Visual Studio Version 17
VisualStudioVersion = 17.0.31903.59
MinimumVisualStudioVersion = 10.0.40219.1
Project("{FAE04EC0-301F-11D3-BF4B-00C04F79EFBC}") = "PhotoVault.Core", "PhotoVault.Core\PhotoVault.Core.csproj", "{B5B5B6A7-E060-478A-969A-4E084A15694C}"
EndProject
Project("{FAE04EC0-301F-11D3-BF4B-00C04F79EFBC}") = "PhotoVault.Data", "PhotoVault.Data\PhotoVault.Data.csproj", "{A39307CD-3853-4534-A403-44B1B86299BE}"
EndProject
Project("{FAE04EC0-301F-11D3-BF4B-00C04F79EFBC}") = "PhotoVault.Tests", "PhotoVault.Tests\PhotoVault.Tests.csproj", "{9CA45BB1-1DAA-4C0C-981A-A844A8A85430}"
EndProject
Project("{FAE04EC0-301F-11D3-BF4B-00C04F79EFBC}") = "PhotoVault.App", "PhotoVault.App\PhotoVault.App.csproj", "{E58A9ED1-DB84-4AF5-BAF1-F6E612BD018F}"
EndProject
Global
	GlobalSection(SolutionConfigurationPlatforms) = preSolution
		Debug|Any CPU = Debug|Any CPU
		Debug|x64 = Debug|x64
		Debug|x86 = Debug|x86
		Release|Any CPU = Release|Any CPU
		Release|x64 = Release|x64
		Release|x86 = Release|x86
	EndGlobalSection
	GlobalSection(ProjectConfigurationPlatforms) = postSolution
		{B5B5B6A7-E060-478A-969A-4E084A15694C}.Debug|Any CPU.ActiveCfg = Debug|Any CPU
		{B5B5B6A7-E060-478A-969A-4E084A15694C}.Debug|Any CPU.Build.0 = Debug|Any CPU
		{B5B5B6A7-E060-478A-969A-4E084A15694C}.Debug|x64.ActiveCfg = Debug|Any CPU
		{B5B5B6A7-E060-478A-969A-4E084A15694C}.Debug|x64.Build.0 = Debug|Any CPU
		{B5B5B6A7-E060-478A-969A-4E084A15694C}.Debug|x86.ActiveCfg = Debug|Any CPU
		{B5B5B6A7-E060-478A-969A-4E084A15694C}.Debug|x86.Build.0 = Debug|Any CPU
		{B5B5B6A7-E060-478A-969A-4E084A15694C}.Release|Any CPU.ActiveCfg = Release|Any CPU
		{B5B5B6A7-E060-478A-969A-4E084A15694C}.Release|Any CPU.Build.0 = Release|Any CPU
		{B5B5B6A7-E060-478A-969A-4E084A15694C}.Release|x64.ActiveCfg = Release|Any CPU
		{B5B5B6A7-E060-478A-969A-4E084A15694C}.Release|x64.Build.0 = Release|Any CPU
		{B5B5B6A7-E060-478A-969A-4E084A15694C}.Release|x86.ActiveCfg = Release|Any CPU
		{B5B5B6A7-E060-478A-969A-4E084A15694C}.Release|x86.Build.0 = Release|Any CPU
		{A39307CD-3853-4534-A403-44B1B86299BE}.Debug|Any CPU.ActiveCfg = Debug|Any CPU
		{A39307CD-3853-4534-A403-44B1B86299BE}.Debug|Any CPU.Build.0 = Debug|Any CPU
		{A39307CD-3853-4534-A403-44B1B86299BE}.Debug|x64.ActiveCfg = Debug|Any CPU
		{A39307CD-3853-4534-A403-44B1B86299BE}.Debug|x64.Build.0 = Debug|Any CPU
		{A39307CD-3853-4534-A403-44B1B86299BE}.Debug|x86.ActiveCfg = Debug|Any CPU
		{A39307CD-3853-4534-A403-44B1B86299BE}.Debug|x86.Build.0 = Debug|Any CPU
		{A39307CD-3853-4534-A403-44B1B86299BE}.Release|Any CPU.ActiveCfg = Release|Any CPU
		{A39307CD-3853-4534-A403-44B1B86299BE}.Release|Any CPU.Build.0 = Release|Any CPU
		{A39307CD-3853-4534-A403-44B1B86299BE}.Release|x64.ActiveCfg = Release|Any CPU
		{A39307CD-3853-4534-A403-44B1B86299BE}.Release|x64.Build.0 = Release|Any CPU
		{A39307CD-3853-4534-A403-44B1B86299BE}.Release|x86.ActiveCfg = Release|Any CPU
		{A39307CD-3853-4534-A403-44B1B86299BE}.Release|x86.Build.0 = Release|Any CPU
		{9CA45BB1-1DAA-4C0C-981A-A844A8A85430}.Debug|Any CPU.ActiveCfg = Debug|Any CPU
		{9CA45BB1-1DAA-4C0C-981A-A844A8A85430}.Debug|Any CPU.Build.0 = Debug|Any CPU
		{9CA45BB1-1DAA-4C0C-981A-A844A8A85430}.Debug|x64.ActiveCfg = Debug|Any CPU
		{9CA45BB1-1DAA-4C0C-981A-A844A8A85430}.Debug|x64.Build.0 = Debug|Any CPU
		{9CA45BB1-1DAA-4C0C-981A-A844A8A85430}.Debug|x86.ActiveCfg = Debug|Any CPU
		{9CA45BB1-1DAA-4C0C-981A-A844A8A85430}.Debug|x86.Build.0 = Debug|Any CPU
		{9CA45BB1-1DAA-4C0C-981A-A844A8A85430}.Release|Any CPU.ActiveCfg = Release|Any CPU
		{9CA45BB1-1DAA-4C0C-981A-A844A8A85430}.Release|Any CPU.Build.0 = Release|Any CPU
		{9CA45BB1-1DAA-4C0C-981A-A844A8A85430}.Release|x64.ActiveCfg = Release|Any CPU
		{9CA45BB1-1DAA-4C0C-981A-A844A8A85430}.Release|x64.Build.0 = Release|Any CPU
		{9CA45BB1-1DAA-4C0C-981A-A844A8A85430}.Release|x86.ActiveCfg = Release|Any CPU
		{9CA45BB1-1DAA-4C0C-981A-A844A8A85430}.Release|x86.Build.0 = Release|Any CPU
		{E58A9ED1-DB84-4AF5-BAF1-F6E612BD018F}.Debug|Any CPU.ActiveCfg = Debug|Any CPU
		{E58A9ED1-DB84-4AF5-BAF1-F6E612BD018F}.Debug|Any CPU.Build.0 = Debug|Any CPU
		{E58A9ED1-DB84-4AF5-BAF1-F6E612BD018F}.Debug|x64.ActiveCfg = Debug|Any CPU
		{E58A9ED1-DB84-4AF5-BAF1-F6E612BD018F}.Debug|x64.Build.0 = Debug|Any CPU
		{E58A9ED1-DB84-4AF5-BAF1-F6E612BD018F}.Debug|x86.ActiveCfg = Debug|Any CPU
		{E58A9ED1-DB84-4AF5-BAF1-F6E612BD018F}.Debug|x86.Build.0 = Debug|Any CPU
		{E58A9ED1-DB84-4AF5-BAF1-F6E612BD018F}.Release|Any CPU.ActiveCfg = Release|Any CPU
		{E58A9ED1-DB84-4AF5-BAF1-F6E612BD018F}.Release|Any CPU.Build.0 = Release|Any CPU
		{E58A9ED1-DB84-4AF5-BAF1-F6E612BD018F}.Release|x64.ActiveCfg = Release|Any CPU
		{E58A9ED1-DB84-4AF5-BAF1-F6E612BD018F}.Release|x64.Build.0 = Release|Any CPU
		{E58A9ED1-DB84-4AF5-BAF1-F6E612BD018F}.Release|x86.ActiveCfg = Release|Any CPU
		{E58A9ED1-DB84-4AF5-BAF1-F6E612BD018F}.Release|x86.Build.0 = Release|Any CPU
	EndGlobalSection
	GlobalSection(SolutionProperties) = preSolution
		HideSolutionNode = FALSE
	EndGlobalSection
EndGlobal
